
Microsoft Visual Studio Solution File, Format Version 12.00
# Visual Studio 15
VisualStudioVersion = 15.0.28307.572
MinimumVisualStudioVersion = 10.0.40219.1
Project("{8BC9CEB8-8B4A-11D0-8D11-00A0C91BC942}") = "ConsoleApplication1", "ConsoleApplication1\ConsoleApplication1.vcxproj", "{69D1B51B-A650-4283-BA31-E4C5FF5417AA}"
EndProject
Project("{2150E333-8FDC-42A3-9474-1A3956D46DE8}") = "GameServer", "GameServer", "{BF502DC7-93E9-464D-879C-79454C86F59E}"
EndProject
Global
	GlobalSection(SolutionConfigurationPlatforms) = preSolution
		Debug|x64 = Debug|x64
		Debug|x86 = Debug|x86
		Release|x64 = Release|x64
		Release|x86 = Release|x86
	EndGlobalSection
	GlobalSection(ProjectConfigurationPlatforms) = postSolution
		{69D1B51B-A650-4283-BA31-E4C5FF5417AA}.Debug|x64.ActiveCfg = Debug|x64
		{69D1B51B-A650-4283-BA31-E4C5FF5417AA}.Debug|x64.Build.0 = Debug|x64
		{69D1B51B-A650-4283-BA31-E4C5FF5417AA}.Debug|x86.ActiveCfg = Debug|Win32
		{69D1B51B-A650-4283-BA31-E4C5FF5417AA}.Debug|x86.Build.0 = Debug|Win32
		{69D1B51B-A650-4283-BA31-E4C5FF5417AA}.Release|x64.ActiveCfg = Release|x64
		{69D1B51B-A650-4283-BA31-E4C5FF5417AA}.Release|x64.Build.0 = Release|x64
		{69D1B51B-A650-4283-BA31-E4C5FF5417AA}.Release|x86.ActiveCfg = Release|Win32
		{69D1B51B-A650-4283-BA31-E4C5FF5417AA}.Release|x86.Build.0 = Release|Win32
	EndGlobalSection
	GlobalSection(SolutionProperties) = preSolution
		HideSolutionNode = FALSE
	EndGlobalSection
	GlobalSection(ExtensibilityGlobals) = postSolution
		SolutionGuid = {F41596C4-29C6-4BF8-8199-33A89EC77CFA}
	EndGlobalSection
EndGlobal
